{
  "nodes": {
    "matugen-config": {
      "flake": false,
      "locked": {
        "lastModified": 1779937247,
        "narHash": "sha256-d3JY4HpyCPWlqkVor/pnr9Hk5rofdJFBXTocyRbjohw=",
        "path": "/home/connor/.config/matugen",
        "type": "path"
      },
      "original": {
        "path": "/home/connor/.config/matugen",
        "type": "path"
      }
    },
    "nixpkgs": {
      "locked": {
        "lastModified": 1779560665,
        "narHash": "sha256-tpyBcxPpcQb8ukyNF7DoCwfSY3VPsxHoYwj00Cayv5o=",
        "owner": "NixOS",
        "repo": "nixpkgs",
        "rev": "64c08a7ca051951c8eae34e3e3cb1e202fe36786",
        "type": "github"
      },
      "original": {
        "id": "nixpkgs",
        "ref": "nixos-unstable",
        "type": "indirect"
      }
    },
    "root": {
      "inputs": {
        "matugen-config": "matugen-config",
        "nixpkgs": "nixpkgs"
      }
    }
  },
  "root": "root",
  "version": 7
}
